
Microsoft Visual Studio Solution File, Format Version 12.00
# Visual Studio Version 18
VisualStudioVersion = 18.1.11312.151 d18.0
MinimumVisualStudioVersion = 10.0.40219.1
Project("{2150E333-8FDC-42A3-9474-1A3956D46DE8}") = "Services", "Services", "{02EA681E-C7D8-13C7-8484-4AC65E1B71E8}"
EndProject
Project("{2150E333-8FDC-42A3-9474-1A3956D46DE8}") = "Catalog", "Catalog", "{BBE95C11-AFDF-4A78-86C4-B24F45B6820A}"
EndProject
Project("{FAE04EC0-301F-11D3-BF4B-00C04F79EFBC}") = "Catalog.API", "Services\Catalog\Catalog.API\Catalog.API.csproj", "{3D9F000B-396B-44E5-9A18-41EFF1A98986}"
EndProject
Project("{FAE04EC0-301F-11D3-BF4B-00C04F79EFBC}") = "Catalog.Domain", "Services\Catalog\Catalog.Domain\Catalog.Domain.csproj", "{528D25F3-0153-4118-BE22-724BD7A5ACCF}"
EndProject
Project("{FAE04EC0-301F-11D3-BF4B-00C04F79EFBC}") = "Catalog.Application", "Services\Catalog\Catalog.Application\Catalog.Application.csproj", "{94CB1DF5-CE1E-4C19-9317-4E7B19560C98}"
EndProject
Project("{FAE04EC0-301F-11D3-BF4B-00C04F79EFBC}") = "Catalog.Infrastructure", "Services\Catalog\Catalog.Infrastructure\Catalog.Infrastructure.csproj", "{DF4A8A0E-9005-4F8F-8E4E-B64028A303F1}"
EndProject
Project("{2150E333-8FDC-42A3-9474-1A3956D46DE8}") = "Basket", "Basket", "{D2EF84E9-C627-47CF-930E-B1E5A1241F38}"
EndProject
Project("{FAE04EC0-301F-11D3-BF4B-00C04F79EFBC}") = "Basket.API", "Services\Basket\Basket.API\Basket.API.csproj", "{3069A4A5-454E-4F89-9CED-FC9D316323B7}"
EndProject
Project("{FAE04EC0-301F-11D3-BF4B-00C04F79EFBC}") = "Basket.Domain", "Services\Basket\Basket.Domain\Basket.Domain.csproj", "{66A5DC93-F2F6-4775-A239-4FF591E039E6}"
EndProject
Project("{FAE04EC0-301F-11D3-BF4B-00C04F79EFBC}") = "Basket.Application", "Services\Basket\Basket.Application\Basket.Application.csproj", "{1B2FBBEB-6CD7-4A0C-BEAA-50B7A31FE689}"
EndProject
Project("{FAE04EC0-301F-11D3-BF4B-00C04F79EFBC}") = "Basket.Infrastructure", "Services\Basket\Basket.Infrastructure\Basket.Infrastructure.csproj", "{84B9C9BA-F502-43B3-9EE5-70B91759F377}"
EndProject
Project("{2150E333-8FDC-42A3-9474-1A3956D46DE8}") = "Discount", "Discount", "{7DE8E3C1-614D-4945-BC73-B30409E73A43}"
EndProject
Project("{FAE04EC0-301F-11D3-BF4B-00C04F79EFBC}") = "Discount.API", "Services\Discount\Discount.API\Discount.API.csproj", "{44BB87B2-77E5-428C-AD3D-BD2270276389}"
EndProject
Project("{FAE04EC0-301F-11D3-BF4B-00C04F79EFBC}") = "Discount.Domain", "Services\Discount\Discount.Domain\Discount.Domain.csproj", "{116AF05E-3DEB-4744-B269-1E2284FD0FAE}"
EndProject
Project("{FAE04EC0-301F-11D3-BF4B-00C04F79EFBC}") = "Discount.Application", "Services\Discount\Discount.Application\Discount.Application.csproj", "{E12CE1D2-05F9-445A-80E9-A4D970A8CF3C}"
EndProject
Project("{FAE04EC0-301F-11D3-BF4B-00C04F79EFBC}") = "Discount.Infrastrueture", "Services\Discount\Discount.Infrastrueture\Discount.Infrastrueture.csproj", "{AE5C2A03-97F0-4240-9C33-4D6B0FDE17F7}"
EndProject
Project("{2150E333-8FDC-42A3-9474-1A3956D46DE8}") = "Ordering", "Ordering", "{20A2C3F6-6559-4524-8DF1-7537FFD1999D}"
EndProject
Project("{FAE04EC0-301F-11D3-BF4B-00C04F79EFBC}") = "Ordering.API", "Services\Ordering\Ordering.API\Ordering.API.csproj", "{4190D2A3-756E-4306-A981-BAE789E802CC}"
EndProject
Project("{FAE04EC0-301F-11D3-BF4B-00C04F79EFBC}") = "Ordering.Domain", "Services\Ordering\Ordering.Domain\Ordering.Domain.csproj", "{DB3AAFA1-5060-436D-9514-FD7339DE8B99}"
EndProject
Project("{FAE04EC0-301F-11D3-BF4B-00C04F79EFBC}") = "Ordering.Application", "Services\Ordering\Ordering.Application\Ordering.Application.csproj", "{133601DC-7B4E-4EE7-BA80-AFA0D043CCB2}"
EndProject
Project("{FAE04EC0-301F-11D3-BF4B-00C04F79EFBC}") = "Ordering.Insfrastrueture", "Services\Ordering\Ordering.Insfrastrueture\Ordering.Insfrastrueture.csproj", "{4B6B3EF4-D956-4E05-A22A-1846A10205E4}"
EndProject
Project("{2150E333-8FDC-42A3-9474-1A3956D46DE8}") = "Insfrastructure", "Insfrastructure", "{4C4487CB-028D-40AC-ABC0-1EC753120BCA}"
EndProject
Project("{FAE04EC0-301F-11D3-BF4B-00C04F79EFBC}") = "EventBus.Messages", "Insfrastructure\EventBus.Messages\EventBus.Messages.csproj", "{A0020604-2345-4D8D-BA34-D0771BB39CF4}"
EndProject
Project("{2150E333-8FDC-42A3-9474-1A3956D46DE8}") = "Payment", "Payment", "{93A6CAB0-18DA-4F31-B9CA-0E14AE977E79}"
EndProject
Project("{FAE04EC0-301F-11D3-BF4B-00C04F79EFBC}") = "Payment.API", "Services\Payment\Payment\Payment.API.csproj", "{5EDEFBA0-1FBC-426F-AC7F-DB714A9DEDBC}"
EndProject
Project("{2150E333-8FDC-42A3-9474-1A3956D46DE8}") = "Identity", "Identity", "{D81EDF95-2F45-4D18-B5F5-631F2C12F80B}"
EndProject
Project("{FAE04EC0-301F-11D3-BF4B-00C04F79EFBC}") = "Identity.API", "Services\Identity\Identity.API\Identity.API.csproj", "{2B4F7E96-7A33-48D2-95F6-19FB62F8AC7A}"
EndProject
Project("{2150E333-8FDC-42A3-9474-1A3956D46DE8}") = "APIGateway", "APIGateway", "{375FA583-9385-4ECB-B3EB-B6B5DB371583}"
EndProject
Project("{FAE04EC0-301F-11D3-BF4B-00C04F79EFBC}") = "ApiGateway", "APIGateway\ApiGateway\ApiGateway.csproj", "{4476BDB3-BE55-402C-8084-BA4A1415DD71}"
EndProject
Project("{FAE04EC0-301F-11D3-BF4B-00C04F79EFBC}") = "Common.Logging", "Insfrastructure\Common.Logging\Common.Logging.csproj", "{3D76B0E6-814B-356D-B4CF-265636A0D85B}"
EndProject
Project("{FAE04EC0-301F-11D3-BF4B-00C04F79EFBC}") = "Logging.Abstractions", "Insfrastructure\Logging.Abstractions\Logging.Abstractions.csproj", "{E7E04805-191D-4BEE-B092-74E3787365BB}"
EndProject
Project("{2150E333-8FDC-42A3-9474-1A3956D46DE8}") = "Notifications", "Notifications", "{A22F25E1-6A17-4A3E-92A1-042945BC4A70}"
EndProject
Project("{FAE04EC0-301F-11D3-BF4B-00C04F79EFBC}") = "Notification.API", "Services\Notifications\Notification.API\Notification.API.csproj", "{31B307E8-343D-42A6-BD4E-B6241DC3CE12}"
EndProject
Project("{FAE04EC0-301F-11D3-BF4B-00C04F79EFBC}") = "Notification.Application", "Services\Notifications\Notification.Application\Notification.Application.csproj", "{6DB26749-1172-4992-BBAA-00F00D7AB86B}"
EndProject
Project("{FAE04EC0-301F-11D3-BF4B-00C04F79EFBC}") = "Notification.Instrastructure", "Services\Notifications\Notification.Instrastructure\Notification.Instrastructure.csproj", "{724114A0-1BFD-43C6-B46A-D1A4DBF2237E}"
EndProject
Project("{FAE04EC0-301F-11D3-BF4B-00C04F79EFBC}") = "Notification.Domain", "Services\Notifications\Notification.Domain\Notification.Domain.csproj", "{6308FD68-1F04-414D-B752-B9B53C1A8F06}"
EndProject
Project("{E53339B2-1760-4266-BCC7-CA923CBCF16C}") = "docker-compose", "docker-compose.dcproj", "{81DDED9D-158B-E303-5F62-77A2896D2A5A}"
EndProject
Global
	GlobalSection(SolutionConfigurationPlatforms) = preSolution
		Debug|Any CPU = Debug|Any CPU
		Release|Any CPU = Release|Any CPU
	EndGlobalSection
	GlobalSection(ProjectConfigurationPlatforms) = postSolution
		{3D9F000B-396B-44E5-9A18-41EFF1A98986}.Debug|Any CPU.ActiveCfg = Debug|Any CPU
		{3D9F000B-396B-44E5-9A18-41EFF1A98986}.Debug|Any CPU.Build.0 = Debug|Any CPU
		{3D9F000B-396B-44E5-9A18-41EFF1A98986}.Release|Any CPU.ActiveCfg = Release|Any CPU
		{3D9F000B-396B-44E5-9A18-41EFF1A98986}.Release|Any CPU.Build.0 = Release|Any CPU
		{528D25F3-0153-4118-BE22-724BD7A5ACCF}.Debug|Any CPU.ActiveCfg = Debug|Any CPU
		{528D25F3-0153-4118-BE22-724BD7A5ACCF}.Debug|Any CPU.Build.0 = Debug|Any CPU
		{528D25F3-0153-4118-BE22-724BD7A5ACCF}.Release|Any CPU.ActiveCfg = Release|Any CPU
		{528D25F3-0153-4118-BE22-724BD7A5ACCF}.Release|Any CPU.Build.0 = Release|Any CPU
		{94CB1DF5-CE1E-4C19-9317-4E7B19560C98}.Debug|Any CPU.ActiveCfg = Debug|Any CPU
		{94CB1DF5-CE1E-4C19-9317-4E7B19560C98}.Debug|Any CPU.Build.0 = Debug|Any CPU
		{94CB1DF5-CE1E-4C19-9317-4E7B19560C98}.Release|Any CPU.ActiveCfg = Release|Any CPU
		{94CB1DF5-CE1E-4C19-9317-4E7B19560C98}.Release|Any CPU.Build.0 = Release|Any CPU
		{DF4A8A0E-9005-4F8F-8E4E-B64028A303F1}.Debug|Any CPU.ActiveCfg = Debug|Any CPU
		{DF4A8A0E-9005-4F8F-8E4E-B64028A303F1}.Debug|Any CPU.Build.0 = Debug|Any CPU
		{DF4A8A0E-9005-4F8F-8E4E-B64028A303F1}.Release|Any CPU.ActiveCfg = Release|Any CPU
		{DF4A8A0E-9005-4F8F-8E4E-B64028A303F1}.Release|Any CPU.Build.0 = Release|Any CPU
		{3069A4A5-454E-4F89-9CED-FC9D316323B7}.Debug|Any CPU.ActiveCfg = Debug|Any CPU
		{3069A4A5-454E-4F89-9CED-FC9D316323B7}.Debug|Any CPU.Build.0 = Debug|Any CPU
		{3069A4A5-454E-4F89-9CED-FC9D316323B7}.Release|Any CPU.ActiveCfg = Release|Any CPU
		{3069A4A5-454E-4F89-9CED-FC9D316323B7}.Release|Any CPU.Build.0 = Release|Any CPU
		{66A5DC93-F2F6-4775-A239-4FF591E039E6}.Debug|Any CPU.ActiveCfg = Debug|Any CPU
		{66A5DC93-F2F6-4775-A239-4FF591E039E6}.Debug|Any CPU.Build.0 = Debug|Any CPU
		{66A5DC93-F2F6-4775-A239-4FF591E039E6}.Release|Any CPU.ActiveCfg = Release|Any CPU
		{66A5DC93-F2F6-4775-A239-4FF591E039E6}.Release|Any CPU.Build.0 = Release|Any CPU
		{1B2FBBEB-6CD7-4A0C-BEAA-50B7A31FE689}.Debug|Any CPU.ActiveCfg = Debug|Any CPU
		{1B2FBBEB-6CD7-4A0C-BEAA-50B7A31FE689}.Debug|Any CPU.Build.0 = Debug|Any CPU
		{1B2FBBEB-6CD7-4A0C-BEAA-50B7A31FE689}.Release|Any CPU.ActiveCfg = Release|Any CPU
		{1B2FBBEB-6CD7-4A0C-BEAA-50B7A31FE689}.Release|Any CPU.Build.0 = Release|Any CPU
		{84B9C9BA-F502-43B3-9EE5-70B91759F377}.Debug|Any CPU.ActiveCfg = Debug|Any CPU
		{84B9C9BA-F502-43B3-9EE5-70B91759F377}.Debug|Any CPU.Build.0 = Debug|Any CPU
		{84B9C9BA-F502-43B3-9EE5-70B91759F377}.Release|Any CPU.ActiveCfg = Release|Any CPU
		{84B9C9BA-F502-43B3-9EE5-70B91759F377}.Release|Any CPU.Build.0 = Release|Any CPU
		{44BB87B2-77E5-428C-AD3D-BD2270276389}.Debug|Any CPU.ActiveCfg = Debug|Any CPU
		{44BB87B2-77E5-428C-AD3D-BD2270276389}.Debug|Any CPU.Build.0 = Debug|Any CPU
		{44BB87B2-77E5-428C-AD3D-BD2270276389}.Release|Any CPU.ActiveCfg = Release|Any CPU
		{44BB87B2-77E5-428C-AD3D-BD2270276389}.Release|Any CPU.Build.0 = Release|Any CPU
		{116AF05E-3DEB-4744-B269-1E2284FD0FAE}.Debug|Any CPU.ActiveCfg = Debug|Any CPU
		{116AF05E-3DEB-4744-B269-1E2284FD0FAE}.Debug|Any CPU.Build.0 = Debug|Any CPU
		{116AF05E-3DEB-4744-B269-1E2284FD0FAE}.Release|Any CPU.ActiveCfg = Release|Any CPU
		{116AF05E-3DEB-4744-B269-1E2284FD0FAE}.Release|Any CPU.Build.0 = Release|Any CPU
		{E12CE1D2-05F9-445A-80E9-A4D970A8CF3C}.Debug|Any CPU.ActiveCfg = Debug|Any CPU
		{E12CE1D2-05F9-445A-80E9-A4D970A8CF3C}.Debug|Any CPU.Build.0 = Debug|Any CPU
		{E12CE1D2-05F9-445A-80E9-A4D970A8CF3C}.Release|Any CPU.ActiveCfg = Release|Any CPU
		{E12CE1D2-05F9-445A-80E9-A4D970A8CF3C}.Release|Any CPU.Build.0 = Release|Any CPU
		{AE5C2A03-97F0-4240-9C33-4D6B0FDE17F7}.Debug|Any CPU.ActiveCfg = Debug|Any CPU
		{AE5C2A03-97F0-4240-9C33-4D6B0FDE17F7}.Debug|Any CPU.Build.0 = Debug|Any CPU
		{AE5C2A03-97F0-4240-9C33-4D6B0FDE17F7}.Release|Any CPU.ActiveCfg = Release|Any CPU
		{AE5C2A03-97F0-4240-9C33-4D6B0FDE17F7}.Release|Any CPU.Build.0 = Release|Any CPU
		{4190D2A3-756E-4306-A981-BAE789E802CC}.Debug|Any CPU.ActiveCfg = Debug|Any CPU
		{4190D2A3-756E-4306-A981-BAE789E802CC}.Debug|Any CPU.Build.0 = Debug|Any CPU
		{4190D2A3-756E-4306-A981-BAE789E802CC}.Release|Any CPU.ActiveCfg = Release|Any CPU
		{4190D2A3-756E-4306-A981-BAE789E802CC}.Release|Any CPU.Build.0 = Release|Any CPU
		{DB3AAFA1-5060-436D-9514-FD7339DE8B99}.Debug|Any CPU.ActiveCfg = Debug|Any CPU
		{DB3AAFA1-5060-436D-9514-FD7339DE8B99}.Debug|Any CPU.Build.0 = Debug|Any CPU
		{DB3AAFA1-5060-436D-9514-FD7339DE8B99}.Release|Any CPU.ActiveCfg = Release|Any CPU
		{DB3AAFA1-5060-436D-9514-FD7339DE8B99}.Release|Any CPU.Build.0 = Release|Any CPU
		{133601DC-7B4E-4EE7-BA80-AFA0D043CCB2}.Debug|Any CPU.ActiveCfg = Debug|Any CPU
		{133601DC-7B4E-4EE7-BA80-AFA0D043CCB2}.Debug|Any CPU.Build.0 = Debug|Any CPU
		{133601DC-7B4E-4EE7-BA80-AFA0D043CCB2}.Release|Any CPU.ActiveCfg = Release|Any CPU
		{133601DC-7B4E-4EE7-BA80-AFA0D043CCB2}.Release|Any CPU.Build.0 = Release|Any CPU
		{4B6B3EF4-D956-4E05-A22A-1846A10205E4}.Debug|Any CPU.ActiveCfg = Debug|Any CPU
		{4B6B3EF4-D956-4E05-A22A-1846A10205E4}.Debug|Any CPU.Build.0 = Debug|Any CPU
		{4B6B3EF4-D956-4E05-A22A-1846A10205E4}.Release|Any CPU.ActiveCfg = Release|Any CPU
		{4B6B3EF4-D956-4E05-A22A-1846A10205E4}.Release|Any CPU.Build.0 = Release|Any CPU
		{A0020604-2345-4D8D-BA34-D0771BB39CF4}.Debug|Any CPU.ActiveCfg = Debug|Any CPU
		{A0020604-2345-4D8D-BA34-D0771BB39CF4}.Debug|Any CPU.Build.0 = Debug|Any CPU
		{A0020604-2345-4D8D-BA34-D0771BB39CF4}.Release|Any CPU.ActiveCfg = Release|Any CPU
		{A0020604-2345-4D8D-BA34-D0771BB39CF4}.Release|Any CPU.Build.0 = Release|Any CPU
		{5EDEFBA0-1FBC-426F-AC7F-DB714A9DEDBC}.Debug|Any CPU.ActiveCfg = Debug|Any CPU
		{5EDEFBA0-1FBC-426F-AC7F-DB714A9DEDBC}.Debug|Any CPU.Build.0 = Debug|Any CPU
		{5EDEFBA0-1FBC-426F-AC7F-DB714A9DEDBC}.Release|Any CPU.ActiveCfg = Release|Any CPU
		{5EDEFBA0-1FBC-426F-AC7F-DB714A9DEDBC}.Release|Any CPU.Build.0 = Release|Any CPU
		{2B4F7E96-7A33-48D2-95F6-19FB62F8AC7A}.Debug|Any CPU.ActiveCfg = Debug|Any CPU
		{2B4F7E96-7A33-48D2-95F6-19FB62F8AC7A}.Debug|Any CPU.Build.0 = Debug|Any CPU
		{2B4F7E96-7A33-48D2-95F6-19FB62F8AC7A}.Release|Any CPU.ActiveCfg = Release|Any CPU
		{2B4F7E96-7A33-48D2-95F6-19FB62F8AC7A}.Release|Any CPU.Build.0 = Release|Any CPU
		{4476BDB3-BE55-402C-8084-BA4A1415DD71}.Debug|Any CPU.ActiveCfg = Debug|Any CPU
		{4476BDB3-BE55-402C-8084-BA4A1415DD71}.Debug|Any CPU.Build.0 = Debug|Any CPU
		{4476BDB3-BE55-402C-8084-BA4A1415DD71}.Release|Any CPU.ActiveCfg = Release|Any CPU
		{4476BDB3-BE55-402C-8084-BA4A1415DD71}.Release|Any CPU.Build.0 = Release|Any CPU
		{3D76B0E6-814B-356D-B4CF-265636A0D85B}.Debug|Any CPU.ActiveCfg = Debug|Any CPU
		{3D76B0E6-814B-356D-B4CF-265636A0D85B}.Debug|Any CPU.Build.0 = Debug|Any CPU
		{3D76B0E6-814B-356D-B4CF-265636A0D85B}.Release|Any CPU.ActiveCfg = Release|Any CPU
		{3D76B0E6-814B-356D-B4CF-265636A0D85B}.Release|Any CPU.Build.0 = Release|Any CPU
		{E7E04805-191D-4BEE-B092-74E3787365BB}.Debug|Any CPU.ActiveCfg = Debug|Any CPU
		{E7E04805-191D-4BEE-B092-74E3787365BB}.Debug|Any CPU.Build.0 = Debug|Any CPU
		{E7E04805-191D-4BEE-B092-74E3787365BB}.Release|Any CPU.ActiveCfg = Release|Any CPU
		{E7E04805-191D-4BEE-B092-74E3787365BB}.Release|Any CPU.Build.0 = Release|Any CPU
		{31B307E8-343D-42A6-BD4E-B6241DC3CE12}.Debug|Any CPU.ActiveCfg = Debug|Any CPU
		{31B307E8-343D-42A6-BD4E-B6241DC3CE12}.Debug|Any CPU.Build.0 = Debug|Any CPU
		{31B307E8-343D-42A6-BD4E-B6241DC3CE12}.Release|Any CPU.ActiveCfg = Release|Any CPU
		{31B307E8-343D-42A6-BD4E-B6241DC3CE12}.Release|Any CPU.Build.0 = Release|Any CPU
		{6DB26749-1172-4992-BBAA-00F00D7AB86B}.Debug|Any CPU.ActiveCfg = Debug|Any CPU
		{6DB26749-1172-4992-BBAA-00F00D7AB86B}.Debug|Any CPU.Build.0 = Debug|Any CPU
		{6DB26749-1172-4992-BBAA-00F00D7AB86B}.Release|Any CPU.ActiveCfg = Release|Any CPU
		{6DB26749-1172-4992-BBAA-00F00D7AB86B}.Release|Any CPU.Build.0 = Release|Any CPU
		{724114A0-1BFD-43C6-B46A-D1A4DBF2237E}.Debug|Any CPU.ActiveCfg = Debug|Any CPU
		{724114A0-1BFD-43C6-B46A-D1A4DBF2237E}.Debug|Any CPU.Build.0 = Debug|Any CPU
		{724114A0-1BFD-43C6-B46A-D1A4DBF2237E}.Release|Any CPU.ActiveCfg = Release|Any CPU
		{724114A0-1BFD-43C6-B46A-D1A4DBF2237E}.Release|Any CPU.Build.0 = Release|Any CPU
		{6308FD68-1F04-414D-B752-B9B53C1A8F06}.Debug|Any CPU.ActiveCfg = Debug|Any CPU
		{6308FD68-1F04-414D-B752-B9B53C1A8F06}.Debug|Any CPU.Build.0 = Debug|Any CPU
		{6308FD68-1F04-414D-B752-B9B53C1A8F06}.Release|Any CPU.ActiveCfg = Release|Any CPU
		{6308FD68-1F04-414D-B752-B9B53C1A8F06}.Release|Any CPU.Build.0 = Release|Any CPU
		{81DDED9D-158B-E303-5F62-77A2896D2A5A}.Debug|Any CPU.ActiveCfg = Debug|Any CPU
		{81DDED9D-158B-E303-5F62-77A2896D2A5A}.Debug|Any CPU.Build.0 = Debug|Any CPU
		{81DDED9D-158B-E303-5F62-77A2896D2A5A}.Release|Any CPU.ActiveCfg = Release|Any CPU
		{81DDED9D-158B-E303-5F62-77A2896D2A5A}.Release|Any CPU.Build.0 = Release|Any CPU
	EndGlobalSection
	GlobalSection(SolutionProperties) = preSolution
		HideSolutionNode = FALSE
	EndGlobalSection
	GlobalSection(NestedProjects) = preSolution
		{BBE95C11-AFDF-4A78-86C4-B24F45B6820A} = {02EA681E-C7D8-13C7-8484-4AC65E1B71E8}
		{3D9F000B-396B-44E5-9A18-41EFF1A98986} = {BBE95C11-AFDF-4A78-86C4-B24F45B6820A}
		{528D25F3-0153-4118-BE22-724BD7A5ACCF} = {BBE95C11-AFDF-4A78-86C4-B24F45B6820A}
		{94CB1DF5-CE1E-4C19-9317-4E7B19560C98} = {BBE95C11-AFDF-4A78-86C4-B24F45B6820A}
		{DF4A8A0E-9005-4F8F-8E4E-B64028A303F1} = {BBE95C11-AFDF-4A78-86C4-B24F45B6820A}
		{D2EF84E9-C627-47CF-930E-B1E5A1241F38} = {02EA681E-C7D8-13C7-8484-4AC65E1B71E8}
		{3069A4A5-454E-4F89-9CED-FC9D316323B7} = {D2EF84E9-C627-47CF-930E-B1E5A1241F38}
		{66A5DC93-F2F6-4775-A239-4FF591E039E6} = {D2EF84E9-C627-47CF-930E-B1E5A1241F38}
		{1B2FBBEB-6CD7-4A0C-BEAA-50B7A31FE689} = {D2EF84E9-C627-47CF-930E-B1E5A1241F38}
		{84B9C9BA-F502-43B3-9EE5-70B91759F377} = {D2EF84E9-C627-47CF-930E-B1E5A1241F38}
		{7DE8E3C1-614D-4945-BC73-B30409E73A43} = {02EA681E-C7D8-13C7-8484-4AC65E1B71E8}
		{44BB87B2-77E5-428C-AD3D-BD2270276389} = {7DE8E3C1-614D-4945-BC73-B30409E73A43}
		{116AF05E-3DEB-4744-B269-1E2284FD0FAE} = {7DE8E3C1-614D-4945-BC73-B30409E73A43}
		{E12CE1D2-05F9-445A-80E9-A4D970A8CF3C} = {7DE8E3C1-614D-4945-BC73-B30409E73A43}
		{AE5C2A03-97F0-4240-9C33-4D6B0FDE17F7} = {7DE8E3C1-614D-4945-BC73-B30409E73A43}
		{20A2C3F6-6559-4524-8DF1-7537FFD1999D} = {02EA681E-C7D8-13C7-8484-4AC65E1B71E8}
		{4190D2A3-756E-4306-A981-BAE789E802CC} = {20A2C3F6-6559-4524-8DF1-7537FFD1999D}
		{DB3AAFA1-5060-436D-9514-FD7339DE8B99} = {20A2C3F6-6559-4524-8DF1-7537FFD1999D}
		{133601DC-7B4E-4EE7-BA80-AFA0D043CCB2} = {20A2C3F6-6559-4524-8DF1-7537FFD1999D}
		{4B6B3EF4-D956-4E05-A22A-1846A10205E4} = {20A2C3F6-6559-4524-8DF1-7537FFD1999D}
		{A0020604-2345-4D8D-BA34-D0771BB39CF4} = {4C4487CB-028D-40AC-ABC0-1EC753120BCA}
		{93A6CAB0-18DA-4F31-B9CA-0E14AE977E79} = {02EA681E-C7D8-13C7-8484-4AC65E1B71E8}
		{5EDEFBA0-1FBC-426F-AC7F-DB714A9DEDBC} = {93A6CAB0-18DA-4F31-B9CA-0E14AE977E79}
		{D81EDF95-2F45-4D18-B5F5-631F2C12F80B} = {02EA681E-C7D8-13C7-8484-4AC65E1B71E8}
		{2B4F7E96-7A33-48D2-95F6-19FB62F8AC7A} = {D81EDF95-2F45-4D18-B5F5-631F2C12F80B}
		{4476BDB3-BE55-402C-8084-BA4A1415DD71} = {375FA583-9385-4ECB-B3EB-B6B5DB371583}
		{3D76B0E6-814B-356D-B4CF-265636A0D85B} = {4C4487CB-028D-40AC-ABC0-1EC753120BCA}
		{E7E04805-191D-4BEE-B092-74E3787365BB} = {4C4487CB-028D-40AC-ABC0-1EC753120BCA}
		{A22F25E1-6A17-4A3E-92A1-042945BC4A70} = {02EA681E-C7D8-13C7-8484-4AC65E1B71E8}
		{31B307E8-343D-42A6-BD4E-B6241DC3CE12} = {A22F25E1-6A17-4A3E-92A1-042945BC4A70}
		{6DB26749-1172-4992-BBAA-00F00D7AB86B} = {A22F25E1-6A17-4A3E-92A1-042945BC4A70}
		{724114A0-1BFD-43C6-B46A-D1A4DBF2237E} = {A22F25E1-6A17-4A3E-92A1-042945BC4A70}
		{6308FD68-1F04-414D-B752-B9B53C1A8F06} = {A22F25E1-6A17-4A3E-92A1-042945BC4A70}
	EndGlobalSection
	GlobalSection(ExtensibilityGlobals) = postSolution
		SolutionGuid = {F398F0C4-868A-48A2-BDD1-88BAF8741804}
	EndGlobalSection
EndGlobal
