
Microsoft Visual Studio Solution File, Format Version 12.00
# Visual Studio Version 17
VisualStudioVersion = 17.14.36623.8
MinimumVisualStudioVersion = 10.0.40219.1
Project("{2150E333-8FDC-42A3-9474-1A3956D46DE8}") = "Services", "Services", "{02EA681E-C7D8-13C7-8484-4AC65E1B71E8}"
EndProject
Project("{2150E333-8FDC-42A3-9474-1A3956D46DE8}") = "Catalog", "Catalog", "{BBE95C11-AFDF-4A78-86C4-B24F45B6820A}"
EndProject
Project("{FAE04EC0-301F-11D3-BF4B-00C04F79EFBC}") = "Catalog.API", "Services\Catalog\Catalog.API\Catalog.API.csproj", "{16F01974-9F76-4034-8ABC-A4E9D656FBFE}"
EndProject
Project("{FAE04EC0-301F-11D3-BF4B-00C04F79EFBC}") = "Catalog.Domain", "Services\Catalog\Catalog.Domain\Catalog.Domain.csproj", "{2C3AB6A3-81E9-4805-A4E1-308CC072681A}"
EndProject
Project("{FAE04EC0-301F-11D3-BF4B-00C04F79EFBC}") = "Catalog.Application", "Services\Catalog\Catalog.Application\Catalog.Application.csproj", "{5D875B7B-BE38-4821-8426-875DD1D21845}"
EndProject
Project("{FAE04EC0-301F-11D3-BF4B-00C04F79EFBC}") = "Catalog.Infrastructure", "Services\Catalog\Catalog.Infrastructure\Catalog.Infrastructure.csproj", "{EA3305CA-5524-4538-B6BD-2F2873AC7884}"
EndProject
Global
	GlobalSection(SolutionConfigurationPlatforms) = preSolution
		Debug|Any CPU = Debug|Any CPU
		Release|Any CPU = Release|Any CPU
	EndGlobalSection
	GlobalSection(ProjectConfigurationPlatforms) = postSolution
		{16F01974-9F76-4034-8ABC-A4E9D656FBFE}.Debug|Any CPU.ActiveCfg = Debug|Any CPU
		{16F01974-9F76-4034-8ABC-A4E9D656FBFE}.Debug|Any CPU.Build.0 = Debug|Any CPU
		{16F01974-9F76-4034-8ABC-A4E9D656FBFE}.Release|Any CPU.ActiveCfg = Release|Any CPU
		{16F01974-9F76-4034-8ABC-A4E9D656FBFE}.Release|Any CPU.Build.0 = Release|Any CPU
		{2C3AB6A3-81E9-4805-A4E1-308CC072681A}.Debug|Any CPU.ActiveCfg = Debug|Any CPU
		{2C3AB6A3-81E9-4805-A4E1-308CC072681A}.Debug|Any CPU.Build.0 = Debug|Any CPU
		{2C3AB6A3-81E9-4805-A4E1-308CC072681A}.Release|Any CPU.ActiveCfg = Release|Any CPU
		{2C3AB6A3-81E9-4805-A4E1-308CC072681A}.Release|Any CPU.Build.0 = Release|Any CPU
		{5D875B7B-BE38-4821-8426-875DD1D21845}.Debug|Any CPU.ActiveCfg = Debug|Any CPU
		{5D875B7B-BE38-4821-8426-875DD1D21845}.Debug|Any CPU.Build.0 = Debug|Any CPU
		{5D875B7B-BE38-4821-8426-875DD1D21845}.Release|Any CPU.ActiveCfg = Release|Any CPU
		{5D875B7B-BE38-4821-8426-875DD1D21845}.Release|Any CPU.Build.0 = Release|Any CPU
		{EA3305CA-5524-4538-B6BD-2F2873AC7884}.Debug|Any CPU.ActiveCfg = Debug|Any CPU
		{EA3305CA-5524-4538-B6BD-2F2873AC7884}.Debug|Any CPU.Build.0 = Debug|Any CPU
		{EA3305CA-5524-4538-B6BD-2F2873AC7884}.Release|Any CPU.ActiveCfg = Release|Any CPU
		{EA3305CA-5524-4538-B6BD-2F2873AC7884}.Release|Any CPU.Build.0 = Release|Any CPU
	EndGlobalSection
	GlobalSection(SolutionProperties) = preSolution
		HideSolutionNode = FALSE
	EndGlobalSection
	GlobalSection(NestedProjects) = preSolution
		{BBE95C11-AFDF-4A78-86C4-B24F45B6820A} = {02EA681E-C7D8-13C7-8484-4AC65E1B71E8}
		{16F01974-9F76-4034-8ABC-A4E9D656FBFE} = {BBE95C11-AFDF-4A78-86C4-B24F45B6820A}
		{2C3AB6A3-81E9-4805-A4E1-308CC072681A} = {BBE95C11-AFDF-4A78-86C4-B24F45B6820A}
		{5D875B7B-BE38-4821-8426-875DD1D21845} = {BBE95C11-AFDF-4A78-86C4-B24F45B6820A}
		{EA3305CA-5524-4538-B6BD-2F2873AC7884} = {BBE95C11-AFDF-4A78-86C4-B24F45B6820A}
	EndGlobalSection
	GlobalSection(ExtensibilityGlobals) = postSolution
		SolutionGuid = {F398F0C4-868A-48A2-BDD1-88BAF8741804}
	EndGlobalSection
EndGlobal
