
Microsoft Visual Studio Solution File, Format Version 12.00
# Visual Studio Version 17
VisualStudioVersion = 17.14.36623.8
MinimumVisualStudioVersion = 10.0.40219.1
Project("{2150E333-8FDC-42A3-9474-1A3956D46DE8}") = "Services", "Services", "{02EA681E-C7D8-13C7-8484-4AC65E1B71E8}"
EndProject
Project("{2150E333-8FDC-42A3-9474-1A3956D46DE8}") = "Catalog", "Catalog", "{BBE95C11-AFDF-4A78-86C4-B24F45B6820A}"
EndProject
Project("{FAE04EC0-301F-11D3-BF4B-00C04F79EFBC}") = "Catalog.API", "Services\Catalog\Catalog.API\Catalog.API.csproj", "{3D9F000B-396B-44E5-9A18-41EFF1A98986}"
EndProject
Project("{FAE04EC0-301F-11D3-BF4B-00C04F79EFBC}") = "Catalog.Domain", "Services\Catalog\Catalog.Domain\Catalog.Domain.csproj", "{528D25F3-0153-4118-BE22-724BD7A5ACCF}"
EndProject
Project("{FAE04EC0-301F-11D3-BF4B-00C04F79EFBC}") = "Catalog.Application", "Services\Catalog\Catalog.Application\Catalog.Application.csproj", "{94CB1DF5-CE1E-4C19-9317-4E7B19560C98}"
EndProject
Project("{FAE04EC0-301F-11D3-BF4B-00C04F79EFBC}") = "Catalog.Infrastructure", "Services\Catalog\Catalog.Infrastructure\Catalog.Infrastructure.csproj", "{DF4A8A0E-9005-4F8F-8E4E-B64028A303F1}"
EndProject
Project("{2150E333-8FDC-42A3-9474-1A3956D46DE8}") = "Basket", "Basket", "{D2EF84E9-C627-47CF-930E-B1E5A1241F38}"
EndProject
Project("{FAE04EC0-301F-11D3-BF4B-00C04F79EFBC}") = "Basket.API", "Services\Basket\Basket.API\Basket.API.csproj", "{3069A4A5-454E-4F89-9CED-FC9D316323B7}"
EndProject
Project("{FAE04EC0-301F-11D3-BF4B-00C04F79EFBC}") = "Basket.Domain", "Services\Basket\Basket.Domain\Basket.Domain.csproj", "{66A5DC93-F2F6-4775-A239-4FF591E039E6}"
EndProject
Project("{FAE04EC0-301F-11D3-BF4B-00C04F79EFBC}") = "Basket.Application", "Services\Basket\Basket.Application\Basket.Application.csproj", "{1B2FBBEB-6CD7-4A0C-BEAA-50B7A31FE689}"
EndProject
Project("{FAE04EC0-301F-11D3-BF4B-00C04F79EFBC}") = "Basket.Infrastructure", "Services\Basket\Basket.Infrastructure\Basket.Infrastructure.csproj", "{84B9C9BA-F502-43B3-9EE5-70B91759F377}"
EndProject
Project("{2150E333-8FDC-42A3-9474-1A3956D46DE8}") = "Discount", "Discount", "{7DE8E3C1-614D-4945-BC73-B30409E73A43}"
EndProject
Project("{FAE04EC0-301F-11D3-BF4B-00C04F79EFBC}") = "Discount.API", "Services\Discount\Discount.API\Discount.API.csproj", "{44BB87B2-77E5-428C-AD3D-BD2270276389}"
EndProject
Project("{FAE04EC0-301F-11D3-BF4B-00C04F79EFBC}") = "Discount.Domain", "Services\Discount\Discount.Domain\Discount.Domain.csproj", "{116AF05E-3DEB-4744-B269-1E2284FD0FAE}"
EndProject
Project("{FAE04EC0-301F-11D3-BF4B-00C04F79EFBC}") = "Discount.Application", "Services\Discount\Discount.Application\Discount.Application.csproj", "{E12CE1D2-05F9-445A-80E9-A4D970A8CF3C}"
EndProject
Project("{FAE04EC0-301F-11D3-BF4B-00C04F79EFBC}") = "Discount.Infrastrueture", "Services\Discount\Discount.Infrastrueture\Discount.Infrastrueture.csproj", "{AE5C2A03-97F0-4240-9C33-4D6B0FDE17F7}"
EndProject
Global
	GlobalSection(SolutionConfigurationPlatforms) = preSolution
		Debug|Any CPU = Debug|Any CPU
		Release|Any CPU = Release|Any CPU
	EndGlobalSection
	GlobalSection(ProjectConfigurationPlatforms) = postSolution
		{3D9F000B-396B-44E5-9A18-41EFF1A98986}.Debug|Any CPU.ActiveCfg = Debug|Any CPU
		{3D9F000B-396B-44E5-9A18-41EFF1A98986}.Debug|Any CPU.Build.0 = Debug|Any CPU
		{3D9F000B-396B-44E5-9A18-41EFF1A98986}.Release|Any CPU.ActiveCfg = Release|Any CPU
		{3D9F000B-396B-44E5-9A18-41EFF1A98986}.Release|Any CPU.Build.0 = Release|Any CPU
		{528D25F3-0153-4118-BE22-724BD7A5ACCF}.Debug|Any CPU.ActiveCfg = Debug|Any CPU
		{528D25F3-0153-4118-BE22-724BD7A5ACCF}.Debug|Any CPU.Build.0 = Debug|Any CPU
		{528D25F3-0153-4118-BE22-724BD7A5ACCF}.Release|Any CPU.ActiveCfg = Release|Any CPU
		{528D25F3-0153-4118-BE22-724BD7A5ACCF}.Release|Any CPU.Build.0 = Release|Any CPU
		{94CB1DF5-CE1E-4C19-9317-4E7B19560C98}.Debug|Any CPU.ActiveCfg = Debug|Any CPU
		{94CB1DF5-CE1E-4C19-9317-4E7B19560C98}.Debug|Any CPU.Build.0 = Debug|Any CPU
		{94CB1DF5-CE1E-4C19-9317-4E7B19560C98}.Release|Any CPU.ActiveCfg = Release|Any CPU
		{94CB1DF5-CE1E-4C19-9317-4E7B19560C98}.Release|Any CPU.Build.0 = Release|Any CPU
		{DF4A8A0E-9005-4F8F-8E4E-B64028A303F1}.Debug|Any CPU.ActiveCfg = Debug|Any CPU
		{DF4A8A0E-9005-4F8F-8E4E-B64028A303F1}.Debug|Any CPU.Build.0 = Debug|Any CPU
		{DF4A8A0E-9005-4F8F-8E4E-B64028A303F1}.Release|Any CPU.ActiveCfg = Release|Any CPU
		{DF4A8A0E-9005-4F8F-8E4E-B64028A303F1}.Release|Any CPU.Build.0 = Release|Any CPU
		{3069A4A5-454E-4F89-9CED-FC9D316323B7}.Debug|Any CPU.ActiveCfg = Debug|Any CPU
		{3069A4A5-454E-4F89-9CED-FC9D316323B7}.Debug|Any CPU.Build.0 = Debug|Any CPU
		{3069A4A5-454E-4F89-9CED-FC9D316323B7}.Release|Any CPU.ActiveCfg = Release|Any CPU
		{3069A4A5-454E-4F89-9CED-FC9D316323B7}.Release|Any CPU.Build.0 = Release|Any CPU
		{66A5DC93-F2F6-4775-A239-4FF591E039E6}.Debug|Any CPU.ActiveCfg = Debug|Any CPU
		{66A5DC93-F2F6-4775-A239-4FF591E039E6}.Debug|Any CPU.Build.0 = Debug|Any CPU
		{66A5DC93-F2F6-4775-A239-4FF591E039E6}.Release|Any CPU.ActiveCfg = Release|Any CPU
		{66A5DC93-F2F6-4775-A239-4FF591E039E6}.Release|Any CPU.Build.0 = Release|Any CPU
		{1B2FBBEB-6CD7-4A0C-BEAA-50B7A31FE689}.Debug|Any CPU.ActiveCfg = Debug|Any CPU
		{1B2FBBEB-6CD7-4A0C-BEAA-50B7A31FE689}.Debug|Any CPU.Build.0 = Debug|Any CPU
		{1B2FBBEB-6CD7-4A0C-BEAA-50B7A31FE689}.Release|Any CPU.ActiveCfg = Release|Any CPU
		{1B2FBBEB-6CD7-4A0C-BEAA-50B7A31FE689}.Release|Any CPU.Build.0 = Release|Any CPU
		{84B9C9BA-F502-43B3-9EE5-70B91759F377}.Debug|Any CPU.ActiveCfg = Debug|Any CPU
		{84B9C9BA-F502-43B3-9EE5-70B91759F377}.Debug|Any CPU.Build.0 = Debug|Any CPU
		{84B9C9BA-F502-43B3-9EE5-70B91759F377}.Release|Any CPU.ActiveCfg = Release|Any CPU
		{84B9C9BA-F502-43B3-9EE5-70B91759F377}.Release|Any CPU.Build.0 = Release|Any CPU
		{44BB87B2-77E5-428C-AD3D-BD2270276389}.Debug|Any CPU.ActiveCfg = Debug|Any CPU
		{44BB87B2-77E5-428C-AD3D-BD2270276389}.Debug|Any CPU.Build.0 = Debug|Any CPU
		{44BB87B2-77E5-428C-AD3D-BD2270276389}.Release|Any CPU.ActiveCfg = Release|Any CPU
		{44BB87B2-77E5-428C-AD3D-BD2270276389}.Release|Any CPU.Build.0 = Release|Any CPU
		{116AF05E-3DEB-4744-B269-1E2284FD0FAE}.Debug|Any CPU.ActiveCfg = Debug|Any CPU
		{116AF05E-3DEB-4744-B269-1E2284FD0FAE}.Debug|Any CPU.Build.0 = Debug|Any CPU
		{116AF05E-3DEB-4744-B269-1E2284FD0FAE}.Release|Any CPU.ActiveCfg = Release|Any CPU
		{116AF05E-3DEB-4744-B269-1E2284FD0FAE}.Release|Any CPU.Build.0 = Release|Any CPU
		{E12CE1D2-05F9-445A-80E9-A4D970A8CF3C}.Debug|Any CPU.ActiveCfg = Debug|Any CPU
		{E12CE1D2-05F9-445A-80E9-A4D970A8CF3C}.Debug|Any CPU.Build.0 = Debug|Any CPU
		{E12CE1D2-05F9-445A-80E9-A4D970A8CF3C}.Release|Any CPU.ActiveCfg = Release|Any CPU
		{E12CE1D2-05F9-445A-80E9-A4D970A8CF3C}.Release|Any CPU.Build.0 = Release|Any CPU
		{AE5C2A03-97F0-4240-9C33-4D6B0FDE17F7}.Debug|Any CPU.ActiveCfg = Debug|Any CPU
		{AE5C2A03-97F0-4240-9C33-4D6B0FDE17F7}.Debug|Any CPU.Build.0 = Debug|Any CPU
		{AE5C2A03-97F0-4240-9C33-4D6B0FDE17F7}.Release|Any CPU.ActiveCfg = Release|Any CPU
		{AE5C2A03-97F0-4240-9C33-4D6B0FDE17F7}.Release|Any CPU.Build.0 = Release|Any CPU
	EndGlobalSection
	GlobalSection(SolutionProperties) = preSolution
		HideSolutionNode = FALSE
	EndGlobalSection
	GlobalSection(NestedProjects) = preSolution
		{BBE95C11-AFDF-4A78-86C4-B24F45B6820A} = {02EA681E-C7D8-13C7-8484-4AC65E1B71E8}
		{3D9F000B-396B-44E5-9A18-41EFF1A98986} = {BBE95C11-AFDF-4A78-86C4-B24F45B6820A}
		{528D25F3-0153-4118-BE22-724BD7A5ACCF} = {BBE95C11-AFDF-4A78-86C4-B24F45B6820A}
		{94CB1DF5-CE1E-4C19-9317-4E7B19560C98} = {BBE95C11-AFDF-4A78-86C4-B24F45B6820A}
		{DF4A8A0E-9005-4F8F-8E4E-B64028A303F1} = {BBE95C11-AFDF-4A78-86C4-B24F45B6820A}
		{D2EF84E9-C627-47CF-930E-B1E5A1241F38} = {02EA681E-C7D8-13C7-8484-4AC65E1B71E8}
		{3069A4A5-454E-4F89-9CED-FC9D316323B7} = {D2EF84E9-C627-47CF-930E-B1E5A1241F38}
		{66A5DC93-F2F6-4775-A239-4FF591E039E6} = {D2EF84E9-C627-47CF-930E-B1E5A1241F38}
		{1B2FBBEB-6CD7-4A0C-BEAA-50B7A31FE689} = {D2EF84E9-C627-47CF-930E-B1E5A1241F38}
		{84B9C9BA-F502-43B3-9EE5-70B91759F377} = {D2EF84E9-C627-47CF-930E-B1E5A1241F38}
		{7DE8E3C1-614D-4945-BC73-B30409E73A43} = {02EA681E-C7D8-13C7-8484-4AC65E1B71E8}
		{44BB87B2-77E5-428C-AD3D-BD2270276389} = {7DE8E3C1-614D-4945-BC73-B30409E73A43}
		{116AF05E-3DEB-4744-B269-1E2284FD0FAE} = {7DE8E3C1-614D-4945-BC73-B30409E73A43}
		{E12CE1D2-05F9-445A-80E9-A4D970A8CF3C} = {7DE8E3C1-614D-4945-BC73-B30409E73A43}
		{AE5C2A03-97F0-4240-9C33-4D6B0FDE17F7} = {7DE8E3C1-614D-4945-BC73-B30409E73A43}
	EndGlobalSection
	GlobalSection(ExtensibilityGlobals) = postSolution
		SolutionGuid = {F398F0C4-868A-48A2-BDD1-88BAF8741804}
	EndGlobalSection
EndGlobal
